// !$*UTF8*$!
{
	archiveVersion = 1;
	classes = {
	};
	objectVersion = 55;
	objects = {

/* Begin PBXBuildFile section */
		84B7F7182BAF1F14008D1791 /* AppDelegate.swift in Sources */ = {isa = PBXBuildFile; fileRef = 84B7F7172BAF1F14008D1791 /* AppDelegate.swift */; };
		84B7F71A2BAF1F14008D1791 /* SceneDelegate.swift in Sources */ = {isa = PBXBuildFile; fileRef = 84B7F7192BAF1F14008D1791 /* SceneDelegate.swift */; };
		84B7F71C2BAF1F14008D1791 /* ViewController.swift in Sources */ = {isa = PBXBuildFile; fileRef = 84B7F71B2BAF1F14008D1791 /* ViewController.swift */; };
		84B7F71F2BAF1F14008D1791 /* Main.storyboard in Resources */ = {isa = PBXBuildFile; fileRef = 84B7F71D2BAF1F14008D1791 /* Main.storyboard */; };
		84B7F7212BAF1F16008D1791 /* Assets.xcassets in Resources */ = {isa = PBXBuildFile; fileRef = 84B7F7202BAF1F16008D1791 /* Assets.xcassets */; };
		84B7F7242BAF1F16008D1791 /* LaunchScreen.storyboard in Resources */ = {isa = PBXBuildFile; fileRef = 84B7F7222BAF1F16008D1791 /* LaunchScreen.storyboard */; };
		84B7F72D2BAF1F89008D1791 /* AlbumTableViewCell.swift in Sources */ = {isa = PBXBuildFile; fileRef = 84B7F72B2BAF1F89008D1791 /* AlbumTableViewCell.swift */; };
		84B7F72E2BAF1F89008D1791 /* AlbumTableViewCell.xib in Resources */ = {isa = PBXBuildFile; fileRef = 84B7F72C2BAF1F89008D1791 /* AlbumTableViewCell.xib */; };
		84B7F7302BAF1F94008D1791 /* Album.swift in Sources */ = {isa = PBXBuildFile; fileRef = 84B7F72F2BAF1F94008D1791 /* Album.swift */; };
/* End PBXBuildFile section */

/* Begin PBXFileReference section */
		84B7F7142BAF1F14008D1791 /* Assignment1_Albums.app */ = {isa = PBXFileReference; explicitFileType = wrapper.application; includeInIndex = 0; path = Assignment1_Albums.app; sourceTree = BUILT_PRODUCTS_DIR; };
		84B7F7172BAF1F14008D1791 /* AppDelegate.swift */ = {isa = PBXFileReference; lastKnownFileType = sourcecode.swift; path = AppDelegate.swift; sourceTree = "<group>"; };
		84B7F7192BAF1F14008D1791 /* SceneDelegate.swift */ = {isa = PBXFileReference; lastKnownFileType = sourcecode.swift; path = SceneDelegate.swift; sourceTree = "<group>"; };
		84B7F71B2BAF1F14008D1791 /* ViewController.swift */ = {isa = PBXFileReference; lastKnownFileType = sourcecode.swift; path = ViewController.swift; sourceTree = "<group>"; };
		84B7F71E2BAF1F14008D1791 /* Base */ = {isa = PBXFileReference; lastKnownFileType = file.storyboard; name = Base; path = Base.lproj/Main.storyboard; sourceTree = "<group>"; };
		84B7F7202BAF1F16008D1791 /* Assets.xcassets */ = {isa = PBXFileReference; lastKnownFileType = folder.assetcatalog; path = Assets.xcassets; sourceTree = "<group>"; };
		84B7F7232BAF1F16008D1791 /* Base */ = {isa = PBXFileReference; lastKnownFileType = file.storyboard; name = Base; path = Base.lproj/LaunchScreen.storyboard; sourceTree = "<group>"; };
		84B7F7252BAF1F16008D1791 /* Info.plist */ = {isa = PBXFileReference; lastKnownFileType = text.plist.xml; path = Info.plist; sourceTree = "<group>"; };
		84B7F72B2BAF1F89008D1791 /* AlbumTableViewCell.swift */ = {isa = PBXFileReference; lastKnownFileType = sourcecode.swift; path = AlbumTableViewCell.swift; sourceTree = "<group>"; };
		84B7F72C2BAF1F89008D1791 /* AlbumTableViewCell.xib */ = {isa = PBXFileReference; lastKnownFileType = file.xib; path = AlbumTableViewCell.xib; sourceTree = "<group>"; };
		84B7F72F2BAF1F94008D1791 /* Album.swift */ = {isa = PBXFileReference; lastKnownFileType = sourcecode.swift; path = Album.swift; sourceTree = "<group>"; };
/* End PBXFileReference section */

/* Begin PBXFrameworksBuildPhase section */
		84B7F7112BAF1F14008D1791 /* Frameworks */ = {
			isa = PBXFrameworksBuildPhase;
			buildActionMask = 2147483647;
			files = (
			);
			runOnlyForDeploymentPostprocessing = 0;
		};
/* End PBXFrameworksBuildPhase section */

/* Begin PBXGroup section */
		84B7F70B2BAF1F14008D1791 = {
			isa = PBXGroup;
			children = (
				84B7F7162BAF1F14008D1791 /* Assignment1_Albums */,
				84B7F7152BAF1F14008D1791 /* Products */,
			);
			sourceTree = "<group>";
		};
		84B7F7152BAF1F14008D1791 /* Products */ = {
			isa = PBXGroup;
			children = (
				84B7F7142BAF1F14008D1791 /* Assignment1_Albums.app */,
			);
			name = Products;
			sourceTree = "<group>";
		};
		84B7F7162BAF1F14008D1791 /* Assignment1_Albums */ = {
			isa = PBXGroup;
			children = (
				84B7F7172BAF1F14008D1791 /* AppDelegate.swift */,
				84B7F7192BAF1F14008D1791 /* SceneDelegate.swift */,
				84B7F71B2BAF1F14008D1791 /* ViewController.swift */,
				84B7F71D2BAF1F14008D1791 /* Main.storyboard */,
				84B7F7202BAF1F16008D1791 /* Assets.xcassets */,
				84B7F7222BAF1F16008D1791 /* LaunchScreen.storyboard */,
				84B7F7252BAF1F16008D1791 /* Info.plist */,
				84B7F72B2BAF1F89008D1791 /* AlbumTableViewCell.swift */,
				84B7F72C2BAF1F89008D1791 /* AlbumTableViewCell.xib */,
				84B7F72F2BAF1F94008D1791 /* Album.swift */,
			);
			path = Assignment1_Albums;
			sourceTree = "<group>";
		};
/* End PBXGroup section */

/* Begin PBXNativeTarget section */
		84B7F7132BAF1F14008D1791 /* Assignment1_Albums */ = {
			isa = PBXNativeTarget;
			buildConfigurationList = 84B7F7282BAF1F16008D1791 /* Build configuration list for PBXNativeTarget "Assignment1_Albums" */;
			buildPhases = (
				84B7F7102BAF1F14008D1791 /* Sources */,
				84B7F7112BAF1F14008D1791 /* Frameworks */,
				84B7F7122BAF1F14008D1791 /* Resources */,
			);
			buildRules = (
			);
			dependencies = (
			);
			name = Assignment1_Albums;
			productName = Assignment1_Albums;
			productReference = 84B7F7142BAF1F14008D1791 /* Assignment1_Albums.app */;
			productType = "com.apple.product-type.application";
		};
/* End PBXNativeTarget section */

/* Begin PBXProject section */
		84B7F70C2BAF1F14008D1791 /* Project object */ = {
			isa = PBXProject;
			attributes = {
				BuildIndependentTargetsInParallel = 1;
				LastSwiftUpdateCheck = 1340;
				LastUpgradeCheck = 1340;
				TargetAttributes = {
					84B7F7132BAF1F14008D1791 = {
						CreatedOnToolsVersion = 13.4.1;
					};
				};
			};
			buildConfigurationList = 84B7F70F2BAF1F14008D1791 /* Build configuration list for PBXProject "Assignment1_Albums" */;
			compatibilityVersion = "Xcode 13.0";
			developmentRegion = en;
			hasScannedForEncodings = 0;
			knownRegions = (
				en,
				Base,
			);
			mainGroup = 84B7F70B2BAF1F14008D1791;
			productRefGroup = 84B7F7152BAF1F14008D1791 /* Products */;
			projectDirPath = "";
			projectRoot = "";
			targets = (
				84B7F7132BAF1F14008D1791 /* Assignment1_Albums */,
			);
		};
/* End PBXProject section */

/* Begin PBXResourcesBuildPhase section */
		84B7F7122BAF1F14008D1791 /* Resources */ = {
			isa = PBXResourcesBuildPhase;
			buildActionMask = 2147483647;
			files = (
				84B7F7242BAF1F16008D1791 /* LaunchScreen.storyboard in Resources */,
				84B7F7212BAF1F16008D1791 /* Assets.xcassets in Resources */,
				84B7F71F2BAF1F14008D1791 /* Main.storyboard in Resources */,
				84B7F72E2BAF1F89008D1791 /* AlbumTableViewCell.xib in Resources */,
			);
			runOnlyForDeploymentPostprocessing = 0;
		};
/* End PBXResourcesBuildPhase section */

/* Begin PBXSourcesBuildPhase section */
		84B7F7102BAF1F14008D1791 /* Sources */ = {
			isa = PBXSourcesBuildPhase;
			buildActionMask = 2147483647;
			files = (
				84B7F71C2BAF1F14008D1791 /* ViewController.swift in Sources */,
				84B7F7182BAF1F14008D1791 /* AppDelegate.swift in Sources */,
				84B7F71A2BAF1F14008D1791 /* SceneDelegate.swift in Sources */,
				84B7F72D2BAF1F89008D1791 /* AlbumTableViewCell.swift in Sources */,
				84B7F7302BAF1F94008D1791 /* Album.swift in Sources */,
			);
			runOnlyForDeploymentPostprocessing = 0;
		};
/* End PBXSourcesBuildPhase section */

/* Begin PBXVariantGroup section */
		84B7F71D2BAF1F14008D1791 /* Main.storyboard */ = {
			isa = PBXVariantGroup;
			children = (
				84B7F71E2BAF1F14008D1791 /* Base */,
			);
			name = Main.storyboard;
			sourceTree = "<group>";
		};
		84B7F7222BAF1F16008D1791 /* LaunchScreen.storyboard */ = {
			isa = PBXVariantGroup;
			children = (
				84B7F7232BAF1F16008D1791 /* Base */,
			);
			name = LaunchScreen.storyboard;
			sourceTree = "<group>";
		};
/* End PBXVariantGroup section */

/* Begin XCBuildConfiguration section */
		84B7F7262BAF1F16008D1791 /* Debug */ = {
			isa = XCBuildConfiguration;
			buildSettings = {
				ALWAYS_SEARCH_USER_PATHS = NO;
				CLANG_ANALYZER_NONNULL = YES;
				CLANG_ANALYZER_NUMBER_OBJECT_CONVERSION = YES_AGGRESSIVE;
				CLANG_CXX_LANGUAGE_STANDARD = "gnu++17";
				CLANG_ENABLE_MODULES = YES;
				CLANG_ENABLE_OBJC_ARC = YES;
				CLANG_ENABLE_OBJC_WEAK = YES;
				CLANG_WARN_BLOCK_CAPTURE_AUTORELEASING = YES;
				CLANG_WARN_BOOL_CONVERSION = YES;
				CLANG_WARN_COMMA = YES;
				CLANG_WARN_CONSTANT_CONVERSION = YES;
				CLANG_WARN_DEPRECATED_OBJC_IMPLEMENTATIONS = YES;
				CLANG_WARN_DIRECT_OBJC_ISA_USAGE = YES_ERROR;
				CLANG_WARN_DOCUMENTATION_COMMENTS = YES;
				CLANG_WARN_EMPTY_BODY = YES;
				CLANG_WARN_ENUM_CONVERSION = YES;
				CLANG_WARN_INFINITE_RECURSION = YES;
				CLANG_WARN_INT_CONVERSION = YES;
				CLANG_WARN_NON_LITERAL_NULL_CONVERSION = YES;
				CLANG_WARN_OBJC_IMPLICIT_RETAIN_SELF = YES;
				CLANG_WARN_OBJC_LITERAL_CONVERSION = YES;
				CLANG_WARN_OBJC_ROOT_CLASS = YES_ERROR;
				CLANG_WARN_QUOTED_INCLUDE_IN_FRAMEWORK_HEADER = YES;
				CLANG_WARN_RANGE_LOOP_ANALYSIS = YES;
				CLANG_WARN_STRICT_PROTOTYPES = YES;
				CLANG_WARN_SUSPICIOUS_MOVE = YES;
				CLANG_WARN_UNGUARDED_AVAILABILITY = YES_AGGRESSIVE;
				CLANG_WARN_UNREACHABLE_CODE = YES;
				CLANG_WARN__DUPLICATE_METHOD_MATCH = YES;
				COPY_PHASE_STRIP = NO;
				DEBUG_INFORMATION_FORMAT = dwarf;
				ENABLE_STRICT_OBJC_MSGSEND = YES;
				ENABLE_TESTABILITY = YES;
				GCC_C_LANGUAGE_STANDARD = gnu11;
				GCC_DYNAMIC_NO_PIC = NO;
				GCC_NO_COMMON_BLOCKS = YES;
				GCC_OPTIMIZATION_LEVEL = 0;
				GCC_PREPROCESSOR_DEFINITIONS = (
					"DEBUG=1",
					"$(inherited)",
				);
				GCC_WARN_64_TO_32_BIT_CONVERSION = YES;
				GCC_WARN_ABOUT_RETURN_TYPE = YES_ERROR;
				GCC_WARN_UNDECLARED_SELECTOR = YES;
				GCC_WARN_UNINITIALIZED_AUTOS = YES_AGGRESSIVE;
				GCC_WARN_UNUSED_FUNCTION = YES;
				GCC_WARN_UNUSED_VARIABLE = YES;
				IPHONEOS_DEPLOYMENT_TARGET = 15.5;
				MTL_ENABLE_DEBUG_INFO = INCLUDE_SOURCE;
				MTL_FAST_MATH = YES;
				ONLY_ACTIVE_ARCH = YES;
				SDKROOT = iphoneos;
				SWIFT_ACTIVE_COMPILATION_CONDITIONS = DEBUG;
				SWIFT_OPTIMIZATION_LEVEL = "-Onone";
			};
			name = Debug;
		};
		84B7F7272BAF1F16008D1791 /* Release */ = {
			isa = XCBuildConfiguration;
			buildSettings = {
				ALWAYS_SEARCH_USER_PATHS = NO;
				CLANG_ANALYZER_NONNULL = YES;
				CLANG_ANALYZER_NUMBER_OBJECT_CONVERSION = YES_AGGRESSIVE;
				CLANG_CXX_LANGUAGE_STANDARD = "gnu++17";
				CLANG_ENABLE_MODULES = YES;
				CLANG_ENABLE_OBJC_ARC = YES;
				CLANG_ENABLE_OBJC_WEAK = YES;
				CLANG_WARN_BLOCK_CAPTURE_AUTORELEASING = YES;
				CLANG_WARN_BOOL_CONVERSION = YES;
				CLANG_WARN_COMMA = YES;
				CLANG_WARN_CONSTANT_CONVERSION = YES;
				CLANG_WARN_DEPRECATED_OBJC_IMPLEMENTATIONS = YES;
				CLANG_WARN_DIRECT_OBJC_ISA_USAGE = YES_ERROR;
				CLANG_WARN_DOCUMENTATION_COMMENTS = YES;
				CLANG_WARN_EMPTY_BODY = YES;
				CLANG_WARN_ENUM_CONVERSION = YES;
				CLANG_WARN_INFINITE_RECURSION = YES;
				CLANG_WARN_INT_CONVERSION = YES;
				CLANG_WARN_NON_LITERAL_NULL_CONVERSION = YES;
				CLANG_WARN_OBJC_IMPLICIT_RETAIN_SELF = YES;
				CLANG_WARN_OBJC_LITERAL_CONVERSION = YES;
				CLANG_WARN_OBJC_ROOT_CLASS = YES_ERROR;
				CLANG_WARN_QUOTED_INCLUDE_IN_FRAMEWORK_HEADER = YES;
				CLANG_WARN_RANGE_LOOP_ANALYSIS = YES;
				CLANG_WARN_STRICT_PROTOTYPES = YES;
				CLANG_WARN_SUSPICIOUS_MOVE = YES;
				CLANG_WARN_UNGUARDED_AVAILABILITY = YES_AGGRESSIVE;
				CLANG_WARN_UNREACHABLE_CODE = YES;
				CLANG_WARN__DUPLICATE_METHOD_MATCH = YES;
				COPY_PHASE_STRIP = NO;
				DEBUG_INFORMATION_FORMAT = "dwarf-with-dsym";
				ENABLE_NS_ASSERTIONS = NO;
				ENABLE_STRICT_OBJC_MSGSEND = YES;
				GCC_C_LANGUAGE_STANDARD = gnu11;
				GCC_NO_COMMON_BLOCKS = YES;
				GCC_WARN_64_TO_32_BIT_CONVERSION = YES;
				GCC_WARN_ABOUT_RETURN_TYPE = YES_ERROR;
				GCC_WARN_UNDECLARED_SELECTOR = YES;
				GCC_WARN_UNINITIALIZED_AUTOS = YES_AGGRESSIVE;
				GCC_WARN_UNUSED_FUNCTION = YES;
				GCC_WARN_UNUSED_VARIABLE = YES;
				IPHONEOS_DEPLOYMENT_TARGET = 15.5;
				MTL_ENABLE_DEBUG_INFO = NO;
				MTL_FAST_MATH = YES;
				SDKROOT = iphoneos;
				SWIFT_COMPILATION_MODE = wholemodule;
				SWIFT_OPTIMIZATION_LEVEL = "-O";
				VALIDATE_PRODUCT = YES;
			};
			name = Release;
		};
		84B7F7292BAF1F16008D1791 /* Debug */ = {
			isa = XCBuildConfiguration;
			buildSettings = {
				ASSETCATALOG_COMPILER_APPICON_NAME = AppIcon;
				ASSETCATALOG_COMPILER_GLOBAL_ACCENT_COLOR_NAME = AccentColor;
				CODE_SIGN_STYLE = Automatic;
				CURRENT_PROJECT_VERSION = 1;
				GENERATE_INFOPLIST_FILE = YES;
				INFOPLIST_FILE = Assignment1_Albums/Info.plist;
				INFOPLIST_KEY_UIApplicationSupportsIndirectInputEvents = YES;
				INFOPLIST_KEY_UILaunchStoryboardName = LaunchScreen;
				INFOPLIST_KEY_UIMainStoryboardFile = Main;
				INFOPLIST_KEY_UISupportedInterfaceOrientations_iPad = "UIInterfaceOrientationPortrait UIInterfaceOrientationPortraitUpsideDown UIInterfaceOrientationLandscapeLeft UIInterfaceOrientationLandscapeRight";
				INFOPLIST_KEY_UISupportedInterfaceOrientations_iPhone = "UIInterfaceOrientationPortrait UIInterfaceOrientationLandscapeLeft UIInterfaceOrientationLandscapeRight";
				LD_RUNPATH_SEARCH_PATHS = (
					"$(inherited)",
					"@executable_path/Frameworks",
				);
				MARKETING_VERSION = 1.0;
				PRODUCT_BUNDLE_IDENTIFIER = "Deepali-sabale.Assignment1-Albums";
				PRODUCT_NAME = "$(TARGET_NAME)";
				SWIFT_EMIT_LOC_STRINGS = YES;
				SWIFT_VERSION = 5.0;
				TARGETED_DEVICE_FAMILY = "1,2";
			};
			name = Debug;
		};
		84B7F72A2BAF1F16008D1791 /* Release */ = {
			isa = XCBuildConfiguration;
			buildSettings = {
				ASSETCATALOG_COMPILER_APPICON_NAME = AppIcon;
				ASSETCATALOG_COMPILER_GLOBAL_ACCENT_COLOR_NAME = AccentColor;
				CODE_SIGN_STYLE = Automatic;
				CURRENT_PROJECT_VERSION = 1;
				GENERATE_INFOPLIST_FILE = YES;
				INFOPLIST_FILE = Assignment1_Albums/Info.plist;
				INFOPLIST_KEY_UIApplicationSupportsIndirectInputEvents = YES;
				INFOPLIST_KEY_UILaunchStoryboardName = LaunchScreen;
				INFOPLIST_KEY_UIMainStoryboardFile = Main;
				INFOPLIST_KEY_UISupportedInterfaceOrientations_iPad = "UIInterfaceOrientationPortrait UIInterfaceOrientationPortraitUpsideDown UIInterfaceOrientationLandscapeLeft UIInterfaceOrientationLandscapeRight";
				INFOPLIST_KEY_UISupportedInterfaceOrientations_iPhone = "UIInterfaceOrientationPortrait UIInterfaceOrientationLandscapeLeft UIInterfaceOrientationLandscapeRight";
				LD_RUNPATH_SEARCH_PATHS = (
					"$(inherited)",
					"@executable_path/Frameworks",
				);
				MARKETING_VERSION = 1.0;
				PRODUCT_BUNDLE_IDENTIFIER = "Deepali-sabale.Assignment1-Albums";
				PRODUCT_NAME = "$(TARGET_NAME)";
				SWIFT_EMIT_LOC_STRINGS = YES;
				SWIFT_VERSION = 5.0;
				TARGETED_DEVICE_FAMILY = "1,2";
			};
			name = Release;
		};
/* End XCBuildConfiguration section */

/* Begin XCConfigurationList section */
		84B7F70F2BAF1F14008D1791 /* Build configuration list for PBXProject "Assignment1_Albums" */ = {
			isa = XCConfigurationList;
			buildConfigurations = (
				84B7F7262BAF1F16008D1791 /* Debug */,
				84B7F7272BAF1F16008D1791 /* Release */,
			);
			defaultConfigurationIsVisible = 0;
			defaultConfigurationName = Release;
		};
		84B7F7282BAF1F16008D1791 /* Build configuration list for PBXNativeTarget "Assignment1_Albums" */ = {
			isa = XCConfigurationList;
			buildConfigurations = (
				84B7F7292BAF1F16008D1791 /* Debug */,
				84B7F72A2BAF1F16008D1791 /* Release */,
			);
			defaultConfigurationIsVisible = 0;
			defaultConfigurationName = Release;
		};
/* End XCConfigurationList section */
	};
	rootObject = 84B7F70C2BAF1F14008D1791 /* Project object */;
}
